// !$*UTF8*$!
{
	archiveVersion = 1;
	classes = {
	};
	objectVersion = 46;
	objects = {

/* Begin PBXBuildFile section */
		90585CA61A13A482002BB42F /* AppDelegate.swift in Sources */ = {isa = PBXBuildFile; fileRef = 90585CA51A13A482002BB42F /* AppDelegate.swift */; };
		90585CA81A13A482002BB42F /* SearchResultViewController.swift in Sources */ = {isa = PBXBuildFile; fileRef = 90585CA71A13A482002BB42F /* SearchResultViewController.swift */; };
		90585CAB1A13A482002BB42F /* Main.storyboard in Resources */ = {isa = PBXBuildFile; fileRef = 90585CA91A13A482002BB42F /* Main.storyboard */; };
		90585CAD1A13A482002BB42F /* Images.xcassets in Resources */ = {isa = PBXBuildFile; fileRef = 90585CAC1A13A482002BB42F /* Images.xcassets */; };
		90585CB01A13A482002BB42F /* LaunchScreen.xib in Resources */ = {isa = PBXBuildFile; fileRef = 90585CAE1A13A482002BB42F /* LaunchScreen.xib */; };
		90585CBC1A13A482002BB42F /* TutorialAppTests.swift in Sources */ = {isa = PBXBuildFile; fileRef = 90585CBB1A13A482002BB42F /* TutorialAppTests.swift */; };
		90A130671A13C34A0062A336 /* APIController.swift in Sources */ = {isa = PBXBuildFile; fileRef = 90A130661A13C34A0062A336 /* APIController.swift */; };
/* End PBXBuildFile section */

/* Begin PBXContainerItemProxy section */
		90585CB61A13A482002BB42F /* PBXContainerItemProxy */ = {
			isa = PBXContainerItemProxy;
			containerPortal = 90585C981A13A482002BB42F /* Project object */;
			proxyType = 1;
			remoteGlobalIDString = 90585C9F1A13A482002BB42F;
			remoteInfo = TutorialApp;
		};
/* End PBXContainerItemProxy section */

/* Begin PBXFileReference section */
		90585CA01A13A482002BB42F /* TutorialApp.app */ = {isa = PBXFileReference; explicitFileType = wrapper.application; includeInIndex = 0; path = TutorialApp.app; sourceTree = BUILT_PRODUCTS_DIR; };
		90585CA41A13A482002BB42F /* Info.plist */ = {isa = PBXFileReference; lastKnownFileType = text.plist.xml; path = Info.plist; sourceTree = "<group>"; };
		90585CA51A13A482002BB42F /* AppDelegate.swift */ = {isa = PBXFileReference; lastKnownFileType = sourcecode.swift; path = AppDelegate.swift; sourceTree = "<group>"; };
		90585CA71A13A482002BB42F /* SearchResultViewController.swift */ = {isa = PBXFileReference; lastKnownFileType = sourcecode.swift; path = SearchResultViewController.swift; sourceTree = "<group>"; };
		90585CAA1A13A482002BB42F /* Base */ = {isa = PBXFileReference; lastKnownFileType = file.storyboard; name = Base; path = Base.lproj/Main.storyboard; sourceTree = "<group>"; };
		90585CAC1A13A482002BB42F /* Images.xcassets */ = {isa = PBXFileReference; lastKnownFileType = folder.assetcatalog; path = Images.xcassets; sourceTree = "<group>"; };
		90585CAF1A13A482002BB42F /* Base */ = {isa = PBXFileReference; lastKnownFileType = file.xib; name = Base; path = Base.lproj/LaunchScreen.xib; sourceTree = "<group>"; };
		90585CB51A13A482002BB42F /* TutorialAppTests.xctest */ = {isa = PBXFileReference; explicitFileType = wrapper.cfbundle; includeInIndex = 0; path = TutorialAppTests.xctest; sourceTree = BUILT_PRODUCTS_DIR; };
		90585CBA1A13A482002BB42F /* Info.plist */ = {isa = PBXFileReference; lastKnownFileType = text.plist.xml; path = Info.plist; sourceTree = "<group>"; };
		90585CBB1A13A482002BB42F /* TutorialAppTests.swift */ = {isa = PBXFileReference; lastKnownFileType = sourcecode.swift; path = TutorialAppTests.swift; sourceTree = "<group>"; };
		90A130661A13C34A0062A336 /* APIController.swift */ = {isa = PBXFileReference; fileEncoding = 4; lastKnownFileType = sourcecode.swift; path = APIController.swift; sourceTree = "<group>"; };
/* End PBXFileReference section */

/* Begin PBXFrameworksBuildPhase section */
		90585C9D1A13A482002BB42F /* Frameworks */ = {
			isa = PBXFrameworksBuildPhase;
			buildActionMask = 2147483647;
			files = (
			);
			runOnlyForDeploymentPostprocessing = 0;
		};
		90585CB21A13A482002BB42F /* Frameworks */ = {
			isa = PBXFrameworksBuildPhase;
			buildActionMask = 2147483647;
			files = (
			);
			runOnlyForDeploymentPostprocessing = 0;
		};
/* End PBXFrameworksBuildPhase section */

/* Begin PBXGroup section */
		90585C971A13A482002BB42F = {
			isa = PBXGroup;
			children = (
				90585CA21A13A482002BB42F /* TutorialApp */,
				90585CB81A13A482002BB42F /* TutorialAppTests */,
				90585CA11A13A482002BB42F /* Products */,
			);
			sourceTree = "<group>";
		};
		90585CA11A13A482002BB42F /* Products */ = {
			isa = PBXGroup;
			children = (
				90585CA01A13A482002BB42F /* TutorialApp.app */,
				90585CB51A13A482002BB42F /* TutorialAppTests.xctest */,
			);
			name = Products;
			sourceTree = "<group>";
		};
		90585CA21A13A482002BB42F /* TutorialApp */ = {
			isa = PBXGroup;
			children = (
				90585CA51A13A482002BB42F /* AppDelegate.swift */,
				90585CA71A13A482002BB42F /* SearchResultViewController.swift */,
				90A130661A13C34A0062A336 /* APIController.swift */,
				90585CA91A13A482002BB42F /* Main.storyboard */,
				90585CAC1A13A482002BB42F /* Images.xcassets */,
				90585CAE1A13A482002BB42F /* LaunchScreen.xib */,
				90585CA31A13A482002BB42F /* Supporting Files */,
			);
			path = TutorialApp;
			sourceTree = "<group>";
		};
		90585CA31A13A482002BB42F /* Supporting Files */ = {
			isa = PBXGroup;
			children = (
				90585CA41A13A482002BB42F /* Info.plist */,
			);
			name = "Supporting Files";
			sourceTree = "<group>";
		};
		90585CB81A13A482002BB42F /* TutorialAppTests */ = {
			isa = PBXGroup;
			children = (
				90585CBB1A13A482002BB42F /* TutorialAppTests.swift */,
				90585CB91A13A482002BB42F /* Supporting Files */,
			);
			path = TutorialAppTests;
			sourceTree = "<group>";
		};
		90585CB91A13A482002BB42F /* Supporting Files */ = {
			isa = PBXGroup;
			children = (
				90585CBA1A13A482002BB42F /* Info.plist */,
			);
			name = "Supporting Files";
			sourceTree = "<group>";
		};
/* End PBXGroup section */

/* Begin PBXNativeTarget section */
		90585C9F1A13A482002BB42F /* TutorialApp */ = {
			isa = PBXNativeTarget;
			buildConfigurationList = 90585CBF1A13A482002BB42F /* Build configuration list for PBXNativeTarget "TutorialApp" */;
			buildPhases = (
				90585C9C1A13A482002BB42F /* Sources */,
				90585C9D1A13A482002BB42F /* Frameworks */,
				90585C9E1A13A482002BB42F /* Resources */,
			);
			buildRules = (
			);
			dependencies = (
			);
			name = TutorialApp;
			productName = TutorialApp;
			productReference = 90585CA01A13A482002BB42F /* TutorialApp.app */;
			productType = "com.apple.product-type.application";
		};
		90585CB41A13A482002BB42F /* TutorialAppTests */ = {
			isa = PBXNativeTarget;
			buildConfigurationList = 90585CC21A13A482002BB42F /* Build configuration list for PBXNativeTarget "TutorialAppTests" */;
			buildPhases = (
				90585CB11A13A482002BB42F /* Sources */,
				90585CB21A13A482002BB42F /* Frameworks */,
				90585CB31A13A482002BB42F /* Resources */,
			);
			buildRules = (
			);
			dependencies = (
				90585CB71A13A482002BB42F /* PBXTargetDependency */,
			);
			name = TutorialAppTests;
			productName = TutorialAppTests;
			productReference = 90585CB51A13A482002BB42F /* TutorialAppTests.xctest */;
			productType = "com.apple.product-type.bundle.unit-test";
		};
/* End PBXNativeTarget section */

/* Begin PBXProject section */
		90585C981A13A482002BB42F /* Project object */ = {
			isa = PBXProject;
			attributes = {
				LastUpgradeCheck = 0600;
				ORGANIZATIONNAME = "Vivan Kumar";
				TargetAttributes = {
					90585C9F1A13A482002BB42F = {
						CreatedOnToolsVersion = 6.1;
						DevelopmentTeam = 5D2DJ42EK6;
					};
					90585CB41A13A482002BB42F = {
						CreatedOnToolsVersion = 6.1;
						TestTargetID = 90585C9F1A13A482002BB42F;
					};
				};
			};
			buildConfigurationList = 90585C9B1A13A482002BB42F /* Build configuration list for PBXProject "TutorialApp" */;
			compatibilityVersion = "Xcode 3.2";
			developmentRegion = English;
			hasScannedForEncodings = 0;
			knownRegions = (
				en,
				Base,
			);
			mainGroup = 90585C971A13A482002BB42F;
			productRefGroup = 90585CA11A13A482002BB42F /* Products */;
			projectDirPath = "";
			projectRoot = "";
			targets = (
				90585C9F1A13A482002BB42F /* TutorialApp */,
				90585CB41A13A482002BB42F /* TutorialAppTests */,
			);
		};
/* End PBXProject section */

/* Begin PBXResourcesBuildPhase section */
		90585C9E1A13A482002BB42F /* Resources */ = {
			isa = PBXResourcesBuildPhase;
			buildActionMask = 2147483647;
			files = (
				90585CAB1A13A482002BB42F /* Main.storyboard in Resources */,
				90585CB01A13A482002BB42F /* LaunchScreen.xib in Resources */,
				90585CAD1A13A482002BB42F /* Images.xcassets in Resources */,
			);
			runOnlyForDeploymentPostprocessing = 0;
		};
		90585CB31A13A482002BB42F /* Resources */ = {
			isa = PBXResourcesBuildPhase;
			buildActionMask = 2147483647;
			files = (
			);
			runOnlyForDeploymentPostprocessing = 0;
		};
/* End PBXResourcesBuildPhase section */

/* Begin PBXSourcesBuildPhase section */
		90585C9C1A13A482002BB42F /* Sources */ = {
			isa = PBXSourcesBuildPhase;
			buildActionMask = 2147483647;
			files = (
				90585CA81A13A482002BB42F /* SearchResultViewController.swift in Sources */,
				90585CA61A13A482002BB42F /* AppDelegate.swift in Sources */,
				90A130671A13C34A0062A336 /* APIController.swift in Sources */,
			);
			runOnlyForDeploymentPostprocessing = 0;
		};
		90585CB11A13A482002BB42F /* Sources */ = {
			isa = PBXSourcesBuildPhase;
			buildActionMask = 2147483647;
			files = (
				90585CBC1A13A482002BB42F /* TutorialAppTests.swift in Sources */,
			);
			runOnlyForDeploymentPostprocessing = 0;
		};
/* End PBXSourcesBuildPhase section */

/* Begin PBXTargetDependency section */
		90585CB71A13A482002BB42F /* PBXTargetDependency */ = {
			isa = PBXTargetDependency;
			target = 90585C9F1A13A482002BB42F /* TutorialApp */;
			targetProxy = 90585CB61A13A482002BB42F /* PBXContainerItemProxy */;
		};
/* End PBXTargetDependency section */

/* Begin PBXVariantGroup section */
		90585CA91A13A482002BB42F /* Main.storyboard */ = {
			isa = PBXVariantGroup;
			children = (
				90585CAA1A13A482002BB42F /* Base */,
			);
			name = Main.storyboard;
			sourceTree = "<group>";
		};
		90585CAE1A13A482002BB42F /* LaunchScreen.xib */ = {
			isa = PBXVariantGroup;
			children = (
				90585CAF1A13A482002BB42F /* Base */,
			);
			name = LaunchScreen.xib;
			sourceTree = "<group>";
		};
/* End PBXVariantGroup section */

/* Begin XCBuildConfiguration section */
		90585CBD1A13A482002BB42F /* Debug */ = {
			isa = XCBuildConfiguration;
			buildSettings = {
				ALWAYS_SEARCH_USER_PATHS = NO;
				CLANG_CXX_LANGUAGE_STANDARD = "gnu++0x";
				CLANG_CXX_LIBRARY = "libc++";
				CLANG_ENABLE_MODULES = YES;
				CLANG_ENABLE_OBJC_ARC = YES;
				CLANG_WARN_BOOL_CONVERSION = YES;
				CLANG_WARN_CONSTANT_CONVERSION = YES;
				CLANG_WARN_DIRECT_OBJC_ISA_USAGE = YES_ERROR;
				CLANG_WARN_EMPTY_BODY = YES;
				CLANG_WARN_ENUM_CONVERSION = YES;
				CLANG_WARN_INT_CONVERSION = YES;
				CLANG_WARN_OBJC_ROOT_CLASS = YES_ERROR;
				CLANG_WARN_UNREACHABLE_CODE = YES;
				CLANG_WARN__DUPLICATE_METHOD_MATCH = YES;
				"CODE_SIGN_IDENTITY[sdk=iphoneos*]" = "iPhone Developer";
				COPY_PHASE_STRIP = NO;
				ENABLE_STRICT_OBJC_MSGSEND = YES;
				GCC_C_LANGUAGE_STANDARD = gnu99;
				GCC_DYNAMIC_NO_PIC = NO;
				GCC_OPTIMIZATION_LEVEL = 0;
				GCC_PREPROCESSOR_DEFINITIONS = (
					"DEBUG=1",
					"$(inherited)",
				);
				GCC_SYMBOLS_PRIVATE_EXTERN = NO;
				GCC_WARN_64_TO_32_BIT_CONVERSION = YES;
				GCC_WARN_ABOUT_RETURN_TYPE = YES_ERROR;
				GCC_WARN_UNDECLARED_SELECTOR = YES;
				GCC_WARN_UNINITIALIZED_AUTOS = YES_AGGRESSIVE;
				GCC_WARN_UNUSED_FUNCTION = YES;
				GCC_WARN_UNUSED_VARIABLE = YES;
				IPHONEOS_DEPLOYMENT_TARGET = 8.0;
				MTL_ENABLE_DEBUG_INFO = YES;
				ONLY_ACTIVE_ARCH = YES;
				SDKROOT = iphoneos;
				SWIFT_OPTIMIZATION_LEVEL = "-Onone";
			};
			name = Debug;
		};
		90585CBE1A13A482002BB42F /* Release */ = {
			isa = XCBuildConfiguration;
			buildSettings = {
				ALWAYS_SEARCH_USER_PATHS = NO;
				CLANG_CXX_LANGUAGE_STANDARD = "gnu++0x";
				CLANG_CXX_LIBRARY = "libc++";
				CLANG_ENABLE_MODULES = YES;
				CLANG_ENABLE_OBJC_ARC = YES;
				CLANG_WARN_BOOL_CONVERSION = YES;
				CLANG_WARN_CONSTANT_CONVERSION = YES;
				CLANG_WARN_DIRECT_OBJC_ISA_USAGE = YES_ERROR;
				CLANG_WARN_EMPTY_BODY = YES;
				CLANG_WARN_ENUM_CONVERSION = YES;
				CLANG_WARN_INT_CONVERSION = YES;
				CLANG_WARN_OBJC_ROOT_CLASS = YES_ERROR;
				CLANG_WARN_UNREACHABLE_CODE = YES;
				CLANG_WARN__DUPLICATE_METHOD_MATCH = YES;
				"CODE_SIGN_IDENTITY[sdk=iphoneos*]" = "iPhone Developer";
				COPY_PHASE_STRIP = YES;
				ENABLE_NS_ASSERTIONS = NO;
				ENABLE_STRICT_OBJC_MSGSEND = YES;
				GCC_C_LANGUAGE_STANDARD = gnu99;
				GCC_WARN_64_TO_32_BIT_CONVERSION = YES;
				GCC_WARN_ABOUT_RETURN_TYPE = YES_ERROR;
				GCC_WARN_UNDECLARED_SELECTOR = YES;
				GCC_WARN_UNINITIALIZED_AUTOS = YES_AGGRESSIVE;
				GCC_WARN_UNUSED_FUNCTION = YES;
				GCC_WARN_UNUSED_VARIABLE = YES;
				IPHONEOS_DEPLOYMENT_TARGET = 8.0;
				MTL_ENABLE_DEBUG_INFO = NO;
				SDKROOT = iphoneos;
				VALIDATE_PRODUCT = YES;
			};
			name = Release;
		};
		90585CC01A13A482002BB42F /* Debug */ = {
			isa = XCBuildConfiguration;
			buildSettings = {
				ASSETCATALOG_COMPILER_APPICON_NAME = AppIcon;
				INFOPLIST_FILE = TutorialApp/Info.plist;
				LD_RUNPATH_SEARCH_PATHS = "$(inherited) @executable_path/Frameworks";
				PRODUCT_NAME = "$(TARGET_NAME)";
			};
			name = Debug;
		};
		90585CC11A13A482002BB42F /* Release */ = {
			isa = XCBuildConfiguration;
			buildSettings = {
				ASSETCATALOG_COMPILER_APPICON_NAME = AppIcon;
				INFOPLIST_FILE = TutorialApp/Info.plist;
				LD_RUNPATH_SEARCH_PATHS = "$(inherited) @executable_path/Frameworks";
				PRODUCT_NAME = "$(TARGET_NAME)";
			};
			name = Release;
		};
		90585CC31A13A482002BB42F /* Debug */ = {
			isa = XCBuildConfiguration;
			buildSettings = {
				BUNDLE_LOADER = "$(TEST_HOST)";
				FRAMEWORK_SEARCH_PATHS = (
					"$(SDKROOT)/Developer/Library/Frameworks",
					"$(inherited)",
				);
				GCC_PREPROCESSOR_DEFINITIONS = (
					"DEBUG=1",
					"$(inherited)",
				);
				INFOPLIST_FILE = TutorialAppTests/Info.plist;
				LD_RUNPATH_SEARCH_PATHS = "$(inherited) @executable_path/Frameworks @loader_path/Frameworks";
				PRODUCT_NAME = "$(TARGET_NAME)";
				TEST_HOST = "$(BUILT_PRODUCTS_DIR)/TutorialApp.app/TutorialApp";
			};
			name = Debug;
		};
		90585CC41A13A482002BB42F /* Release */ = {
			isa = XCBuildConfiguration;
			buildSettings = {
				BUNDLE_LOADER = "$(TEST_HOST)";
				FRAMEWORK_SEARCH_PATHS = (
					"$(SDKROOT)/Developer/Library/Frameworks",
					"$(inherited)",
				);
				INFOPLIST_FILE = TutorialAppTests/Info.plist;
				LD_RUNPATH_SEARCH_PATHS = "$(inherited) @executable_path/Frameworks @loader_path/Frameworks";
				PRODUCT_NAME = "$(TARGET_NAME)";
				TEST_HOST = "$(BUILT_PRODUCTS_DIR)/TutorialApp.app/TutorialApp";
			};
			name = Release;
		};
/* End XCBuildConfiguration section */

/* Begin XCConfigurationList section */
		90585C9B1A13A482002BB42F /* Build configuration list for PBXProject "TutorialApp" */ = {
			isa = XCConfigurationList;
			buildConfigurations = (
				90585CBD1A13A482002BB42F /* Debug */,
				90585CBE1A13A482002BB42F /* Release */,
			);
			defaultConfigurationIsVisible = 0;
			defaultConfigurationName = Release;
		};
		90585CBF1A13A482002BB42F /* Build configuration list for PBXNativeTarget "TutorialApp" */ = {
			isa = XCConfigurationList;
			buildConfigurations = (
				90585CC01A13A482002BB42F /* Debug */,
				90585CC11A13A482002BB42F /* Release */,
			);
			defaultConfigurationIsVisible = 0;
			defaultConfigurationName = Release;
		};
		90585CC21A13A482002BB42F /* Build configuration list for PBXNativeTarget "TutorialAppTests" */ = {
			isa = XCConfigurationList;
			buildConfigurations = (
				90585CC31A13A482002BB42F /* Debug */,
				90585CC41A13A482002BB42F /* Release */,
			);
			defaultConfigurationIsVisible = 0;
			defaultConfigurationName = Release;
		};
/* End XCConfigurationList section */
	};
	rootObject = 90585C981A13A482002BB42F /* Project object */;
}
